
Microsoft Visual Studio Solution File, Format Version 12.00
# Visual Studio 2012
Project("{FAE04EC0-301F-11D3-BF4B-00C04F79EFBC}") = "INTERFACE_ITRON_SAPHIRv2CIE", "INTERFACE_ITRON_SAPHIRv2CIE\INTERFACE_ITRON_SAPHIRv2CIE.csproj", "{16E38A69-8795-4E7F-90A0-BFB354A7EF4E}"
EndProject
Project("{FAE04EC0-301F-11D3-BF4B-00C04F79EFBC}") = "INTERFACE_ITRON_SAPHIRv2CIE.Tests", "INTERFACE_ITRON_SAPHIRv2CIE.Tests\INTERFACE_ITRON_SAPHIRv2CIE.Tests.csproj", "{F5122D83-DB4A-4B66-9FB3-C2B3DEC9C90D}"
EndProject
Project("{2150E333-8FDC-42A3-9474-1A3956D46DE8}") = "InterfaceService", "InterfaceService", "{25B36DF3-F127-4DE2-9C4F-32F5257C4A81}"
EndProject
Project("{2150E333-8FDC-42A3-9474-1A3956D46DE8}") = "DTO", "DTO", "{E279048C-D683-48CD-B6D9-D60649202989}"
EndProject
Project("{FAE04EC0-301F-11D3-BF4B-00C04F79EFBC}") = "InterfaceServices.DTO", "InterfaceServices.DTO\InterfaceServices.DTO.csproj", "{E3BBB321-FB11-4802-BCF0-41984A01048B}"
EndProject
Project("{2150E333-8FDC-42A3-9474-1A3956D46DE8}") = "Business Rules Layer", "Business Rules Layer", "{F7A07DD0-86E2-484A-A848-37B87020CCF6}"
EndProject
Project("{FAE04EC0-301F-11D3-BF4B-00C04F79EFBC}") = "InterfaceServices.BusinessRules", "InterfaceServices.BusinessRules\InterfaceServices.BusinessRules.csproj", "{CED7963B-D875-4BD8-BB06-3268B4FE0BEE}"
EndProject
Project("{2150E333-8FDC-42A3-9474-1A3956D46DE8}") = "DataAccessLayer", "DataAccessLayer", "{DC2BF1D2-9514-4DB1-B590-DD2C92E35F35}"
EndProject
Project("{FAE04EC0-301F-11D3-BF4B-00C04F79EFBC}") = "InterfaceServices.SAPHIRCOMDataAccess", "InterfaceServices.SAPHIRCOMDataAccess\InterfaceServices.SAPHIRCOMDataAccess.csproj", "{170CD15B-7E58-4784-B94C-DE7582BAE84A}"
EndProject
Project("{2150E333-8FDC-42A3-9474-1A3956D46DE8}") = "Common", "Common", "{C9D34A6D-3AE2-45D9-9CDE-12FD6DE64529}"
EndProject
Project("{FAE04EC0-301F-11D3-BF4B-00C04F79EFBC}") = "ACEVISION.Common", "ACEVISION.Common\ACEVISION.Common.csproj", "{946CC9E5-BA41-470A-BABA-59FD2F3FFACC}"
EndProject
Project("{2150E333-8FDC-42A3-9474-1A3956D46DE8}") = "DLL", "DLL", "{8540A513-0368-40B7-AF0D-7B478953E92D}"
	ProjectSection(SolutionItems) = preProject
		C:\Users\FHCOULIBALY\Documents\Visual Studio 2012\Projects\WinForm_FileExcel\WebApp_DebugExcel\bin\Ionic.Zip.dll = C:\Users\FHCOULIBALY\Documents\Visual Studio 2012\Projects\WinForm_FileExcel\WebApp_DebugExcel\bin\Ionic.Zip.dll
		..\..\..\Save 1\FIAH_DDI\FIAH_DDI\DLL\ISF.DEPLOIEMENT.COMMON.dll = ..\..\..\Save 1\FIAH_DDI\FIAH_DDI\DLL\ISF.DEPLOIEMENT.COMMON.dll
		I:\FCO\log4net.dll = I:\FCO\log4net.dll
		C:\Users\FHCOULIBALY\Documents\Visual Studio 2012\Projects\WinForm_FileExcel\WebApp_DebugExcel\bin\NPOI.dll = C:\Users\FHCOULIBALY\Documents\Visual Studio 2012\Projects\WinForm_FileExcel\WebApp_DebugExcel\bin\NPOI.dll
	EndProjectSection
EndProject
Project("{2150E333-8FDC-42A3-9474-1A3956D46DE8}") = "ProcessUI", "ProcessUI", "{109C55BC-E6AB-46B9-B72F-C2496FACF850}"
EndProject
Project("{FAE04EC0-301F-11D3-BF4B-00C04F79EFBC}") = "ACEVISION.ProcessUI", "ACEVISION.ProcessUI\ACEVISION.ProcessUI.csproj", "{ED301302-B1A4-4D13-827F-92E0BF551439}"
EndProject
Project("{FAE04EC0-301F-11D3-BF4B-00C04F79EFBC}") = "Console_ITRON_SAPHIRv2CIE", "Console_ITRON_SAPHIRv2CIE\Console_ITRON_SAPHIRv2CIE.csproj", "{184B9F20-4958-47BC-B4F7-7F78ED8C32D0}"
EndProject
Project("{FAE04EC0-301F-11D3-BF4B-00C04F79EFBC}") = "Console_ITRON_SAPHIRv2CIE_EMISSION", "Console_ITRON_SAPHIRv2CIE_EMISSION\Console_ITRON_SAPHIRv2CIE_EMISSION.csproj", "{E1EF7D80-48E3-4292-971E-3B0C8A2FE94A}"
EndProject
Global
	GlobalSection(SolutionConfigurationPlatforms) = preSolution
		Debug|Any CPU = Debug|Any CPU
		Release|Any CPU = Release|Any CPU
	EndGlobalSection
	GlobalSection(ProjectConfigurationPlatforms) = postSolution
		{16E38A69-8795-4E7F-90A0-BFB354A7EF4E}.Debug|Any CPU.ActiveCfg = Debug|Any CPU
		{16E38A69-8795-4E7F-90A0-BFB354A7EF4E}.Debug|Any CPU.Build.0 = Debug|Any CPU
		{16E38A69-8795-4E7F-90A0-BFB354A7EF4E}.Release|Any CPU.ActiveCfg = Release|Any CPU
		{16E38A69-8795-4E7F-90A0-BFB354A7EF4E}.Release|Any CPU.Build.0 = Release|Any CPU
		{F5122D83-DB4A-4B66-9FB3-C2B3DEC9C90D}.Debug|Any CPU.ActiveCfg = Debug|Any CPU
		{F5122D83-DB4A-4B66-9FB3-C2B3DEC9C90D}.Debug|Any CPU.Build.0 = Debug|Any CPU
		{F5122D83-DB4A-4B66-9FB3-C2B3DEC9C90D}.Release|Any CPU.ActiveCfg = Release|Any CPU
		{F5122D83-DB4A-4B66-9FB3-C2B3DEC9C90D}.Release|Any CPU.Build.0 = Release|Any CPU
		{E3BBB321-FB11-4802-BCF0-41984A01048B}.Debug|Any CPU.ActiveCfg = Debug|Any CPU
		{E3BBB321-FB11-4802-BCF0-41984A01048B}.Debug|Any CPU.Build.0 = Debug|Any CPU
		{E3BBB321-FB11-4802-BCF0-41984A01048B}.Release|Any CPU.ActiveCfg = Release|Any CPU
		{E3BBB321-FB11-4802-BCF0-41984A01048B}.Release|Any CPU.Build.0 = Release|Any CPU
		{CED7963B-D875-4BD8-BB06-3268B4FE0BEE}.Debug|Any CPU.ActiveCfg = Debug|Any CPU
		{CED7963B-D875-4BD8-BB06-3268B4FE0BEE}.Debug|Any CPU.Build.0 = Debug|Any CPU
		{CED7963B-D875-4BD8-BB06-3268B4FE0BEE}.Release|Any CPU.ActiveCfg = Release|Any CPU
		{CED7963B-D875-4BD8-BB06-3268B4FE0BEE}.Release|Any CPU.Build.0 = Release|Any CPU
		{170CD15B-7E58-4784-B94C-DE7582BAE84A}.Debug|Any CPU.ActiveCfg = Debug|Any CPU
		{170CD15B-7E58-4784-B94C-DE7582BAE84A}.Debug|Any CPU.Build.0 = Debug|Any CPU
		{170CD15B-7E58-4784-B94C-DE7582BAE84A}.Release|Any CPU.ActiveCfg = Release|Any CPU
		{170CD15B-7E58-4784-B94C-DE7582BAE84A}.Release|Any CPU.Build.0 = Release|Any CPU
		{946CC9E5-BA41-470A-BABA-59FD2F3FFACC}.Debug|Any CPU.ActiveCfg = Debug|Any CPU
		{946CC9E5-BA41-470A-BABA-59FD2F3FFACC}.Debug|Any CPU.Build.0 = Debug|Any CPU
		{946CC9E5-BA41-470A-BABA-59FD2F3FFACC}.Release|Any CPU.ActiveCfg = Release|Any CPU
		{946CC9E5-BA41-470A-BABA-59FD2F3FFACC}.Release|Any CPU.Build.0 = Release|Any CPU
		{ED301302-B1A4-4D13-827F-92E0BF551439}.Debug|Any CPU.ActiveCfg = Debug|Any CPU
		{ED301302-B1A4-4D13-827F-92E0BF551439}.Debug|Any CPU.Build.0 = Debug|Any CPU
		{ED301302-B1A4-4D13-827F-92E0BF551439}.Release|Any CPU.ActiveCfg = Release|Any CPU
		{ED301302-B1A4-4D13-827F-92E0BF551439}.Release|Any CPU.Build.0 = Release|Any CPU
		{184B9F20-4958-47BC-B4F7-7F78ED8C32D0}.Debug|Any CPU.ActiveCfg = Debug|Any CPU
		{184B9F20-4958-47BC-B4F7-7F78ED8C32D0}.Debug|Any CPU.Build.0 = Debug|Any CPU
		{184B9F20-4958-47BC-B4F7-7F78ED8C32D0}.Release|Any CPU.ActiveCfg = Release|Any CPU
		{184B9F20-4958-47BC-B4F7-7F78ED8C32D0}.Release|Any CPU.Build.0 = Release|Any CPU
		{E1EF7D80-48E3-4292-971E-3B0C8A2FE94A}.Debug|Any CPU.ActiveCfg = Debug|Any CPU
		{E1EF7D80-48E3-4292-971E-3B0C8A2FE94A}.Debug|Any CPU.Build.0 = Debug|Any CPU
		{E1EF7D80-48E3-4292-971E-3B0C8A2FE94A}.Release|Any CPU.ActiveCfg = Release|Any CPU
		{E1EF7D80-48E3-4292-971E-3B0C8A2FE94A}.Release|Any CPU.Build.0 = Release|Any CPU
	EndGlobalSection
	GlobalSection(SolutionProperties) = preSolution
		HideSolutionNode = FALSE
	EndGlobalSection
	GlobalSection(NestedProjects) = preSolution
		{E279048C-D683-48CD-B6D9-D60649202989} = {25B36DF3-F127-4DE2-9C4F-32F5257C4A81}
		{F7A07DD0-86E2-484A-A848-37B87020CCF6} = {25B36DF3-F127-4DE2-9C4F-32F5257C4A81}
		{DC2BF1D2-9514-4DB1-B590-DD2C92E35F35} = {25B36DF3-F127-4DE2-9C4F-32F5257C4A81}
		{E3BBB321-FB11-4802-BCF0-41984A01048B} = {E279048C-D683-48CD-B6D9-D60649202989}
		{CED7963B-D875-4BD8-BB06-3268B4FE0BEE} = {F7A07DD0-86E2-484A-A848-37B87020CCF6}
		{170CD15B-7E58-4784-B94C-DE7582BAE84A} = {DC2BF1D2-9514-4DB1-B590-DD2C92E35F35}
		{946CC9E5-BA41-470A-BABA-59FD2F3FFACC} = {C9D34A6D-3AE2-45D9-9CDE-12FD6DE64529}
		{ED301302-B1A4-4D13-827F-92E0BF551439} = {109C55BC-E6AB-46B9-B72F-C2496FACF850}
	EndGlobalSection
EndGlobal
